
Microsoft Visual Studio Solution File, Format Version 12.00
# Visual Studio Version 16
VisualStudioVersion = 16.0.32901.82
MinimumVisualStudioVersion = 10.0.40219.1
Project("{9A19103F-16F7-4668-BE54-9A1E7A4F7556}") = "WebScore", "WebScore\WebScore.csproj", "{1979A0AC-D0DE-443D-943F-570818A3B6E1}"
EndProject
Global
	GlobalSection(SolutionConfigurationPlatforms) = preSolution
		Debug|Any CPU = Debug|Any CPU
		Release|Any CPU = Release|Any CPU
	EndGlobalSection
	GlobalSection(ProjectConfigurationPlatforms) = postSolution
		{1979A0AC-D0DE-443D-943F-570818A3B6E1}.Debug|Any CPU.ActiveCfg = Debug|Any CPU
		{1979A0AC-D0DE-443D-943F-570818A3B6E1}.Debug|Any CPU.Build.0 = Debug|Any CPU
		{1979A0AC-D0DE-443D-943F-570818A3B6E1}.Release|Any CPU.ActiveCfg = Release|Any CPU
		{1979A0AC-D0DE-443D-943F-570818A3B6E1}.Release|Any CPU.Build.0 = Release|Any CPU
	EndGlobalSection
	GlobalSection(SolutionProperties) = preSolution
		HideSolutionNode = FALSE
	EndGlobalSection
	GlobalSection(ExtensibilityGlobals) = postSolution
		SolutionGuid = {E8189CD3-0434-422A-9DB4-858959A1D831}
	EndGlobalSection
EndGlobal
